
Microsoft Visual Studio Solution File, Format Version 11.00
# Visual Studio 2010
Project("{FAE04EC0-301F-11D3-BF4B-00C04F79EFBC}") = "V_Animation", "V_Animation.csproj", "{DC2A8BFE-3A0F-E258-68E1-5680871DF4AC}"
EndProject
Project("{FAE04EC0-301F-11D3-BF4B-00C04F79EFBC}") = "Assembly-CSharp", "Assembly-CSharp.csproj", "{E779F6D3-3AFC-F1D3-0B87-CDBC522B1336}"
EndProject
Global
	GlobalSection(SolutionConfigurationPlatforms) = preSolution
		Debug|Any CPU = Debug|Any CPU
		Release|Any CPU = Release|Any CPU
	EndGlobalSection
	GlobalSection(ProjectConfigurationPlatforms) = postSolution
		{DC2A8BFE-3A0F-E258-68E1-5680871DF4AC}.Debug|Any CPU.ActiveCfg = Debug|Any CPU
		{DC2A8BFE-3A0F-E258-68E1-5680871DF4AC}.Debug|Any CPU.Build.0 = Debug|Any CPU
		{DC2A8BFE-3A0F-E258-68E1-5680871DF4AC}.Release|Any CPU.ActiveCfg = Release|Any CPU
		{DC2A8BFE-3A0F-E258-68E1-5680871DF4AC}.Release|Any CPU.Build.0 = Release|Any CPU
		{E779F6D3-3AFC-F1D3-0B87-CDBC522B1336}.Debug|Any CPU.ActiveCfg = Debug|Any CPU
		{E779F6D3-3AFC-F1D3-0B87-CDBC522B1336}.Debug|Any CPU.Build.0 = Debug|Any CPU
		{E779F6D3-3AFC-F1D3-0B87-CDBC522B1336}.Release|Any CPU.ActiveCfg = Release|Any CPU
		{E779F6D3-3AFC-F1D3-0B87-CDBC522B1336}.Release|Any CPU.Build.0 = Release|Any CPU
	EndGlobalSection
	GlobalSection(SolutionProperties) = preSolution
		HideSolutionNode = FALSE
	EndGlobalSection
EndGlobal
